
Microsoft Visual Studio Solution File, Format Version 12.00
# Visual Studio 2013
VisualStudioVersion = 12.0.21005.1
MinimumVisualStudioVersion = 10.0.40219.1
Project("{2150E333-8FDC-42A3-9474-1A3956D46DE8}") = "2.1-Presentation", "2.1-Presentation", "{A1261C73-9443-4A6B-91D7-629DFC20F9B2}"
EndProject
Project("{2150E333-8FDC-42A3-9474-1A3956D46DE8}") = "2.2-Application", "2.2-Application", "{360D6A48-9A08-462C-8275-C07D032CE958}"
EndProject
Project("{2150E333-8FDC-42A3-9474-1A3956D46DE8}") = "2.3-Domain", "2.3-Domain", "{8982C72E-36BE-4A57-86C5-9DF91CFFFCD9}"
EndProject
Project("{2150E333-8FDC-42A3-9474-1A3956D46DE8}") = "2.4-Infrastructure", "2.4-Infrastructure", "{79AF2391-1E6A-42B8-B19C-54ADC4DD6D35}"
EndProject
Project("{2150E333-8FDC-42A3-9474-1A3956D46DE8}") = "2.1.2-AspnetMVC", "2.1.2-AspnetMVC", "{C84614B2-B386-4D19-92DE-87B4748B3BE5}"
EndProject
Project("{2150E333-8FDC-42A3-9474-1A3956D46DE8}") = "2.1.3-AspnetWebAPI", "2.1.3-AspnetWebAPI", "{E4EE3B76-EF57-423C-A2CD-59FB4FDF06A5}"
EndProject
Project("{FAE04EC0-301F-11D3-BF4B-00C04F79EFBC}") = "MessageManager.Infrastructure", "MessageManager.Infrastructure\MessageManager.Infrastructure.csproj", "{49C2AF9E-C6AA-4013-AC65-ADB303104661}"
EndProject
Project("{FAE04EC0-301F-11D3-BF4B-00C04F79EFBC}") = "MessageManager.Web.Tests", "MessageManager.Web.Tests\MessageManager.Web.Tests.csproj", "{73ACBE24-5001-4E3C-A2AC-2E9D375449A6}"
EndProject
Project("{FAE04EC0-301F-11D3-BF4B-00C04F79EFBC}") = "MessageManager.WebAPI.Tests", "MessageManager.WebAPI.Tests\MessageManager.WebAPI.Tests.csproj", "{17B591AC-F032-4D6F-AECF-CD8B80360F69}"
EndProject
Project("{FAE04EC0-301F-11D3-BF4B-00C04F79EFBC}") = "MessageManager.Domain", "MessageManager.Domain\MessageManager.Domain.csproj", "{4F16815A-E9BB-4ABC-B477-0437A151F513}"
EndProject
Project("{FAE04EC0-301F-11D3-BF4B-00C04F79EFBC}") = "MessageManager.Application", "MessageManager.Application\MessageManager.Application.csproj", "{D45BF779-47E5-46B7-A481-DF0D93D78833}"
EndProject
Project("{FAE04EC0-301F-11D3-BF4B-00C04F79EFBC}") = "MessageManager.Repositories", "MessageManager.Repositories\MessageManager.Repositories.csproj", "{43B71851-61D1-4F51-BB9A-1F53405A4378}"
EndProject
Project("{FAE04EC0-301F-11D3-BF4B-00C04F79EFBC}") = "MessageManager.Repositories.Tests", "MessageManager.Repositories.Tests\MessageManager.Repositories.Tests.csproj", "{54A0BAC1-59A6-4F42-AF86-5DEFFDEC1AC2}"
EndProject
Project("{FAE04EC0-301F-11D3-BF4B-00C04F79EFBC}") = "MessageManager.WebAPI", "MessageManager.WebAPI\MessageManager.WebAPI.csproj", "{68F490AC-B41E-43E3-B400-6FA3481C1927}"
EndProject
Project("{FAE04EC0-301F-11D3-BF4B-00C04F79EFBC}") = "MessageManager.Web", "MessageManager.Web\MessageManager.Web.csproj", "{C697CC59-3215-4352-9872-84B7BDA8C1B1}"
	ProjectSection(ProjectDependencies) = postProject
		{D61C3728-4201-4AD1-936F-3F968E38E8D3} = {D61C3728-4201-4AD1-936F-3F968E38E8D3}
	EndProjectSection
EndProject
Project("{2150E333-8FDC-42A3-9474-1A3956D46DE8}") = "2.1.1-StaticFiles", "2.1.1-StaticFiles", "{B1FB252F-BFB0-4BE3-85A7-8EB22140416F}"
EndProject
Project("{FAE04EC0-301F-11D3-BF4B-00C04F79EFBC}") = "MessageManager.WebFiles", "MessageManager.WebFiles\MessageManager.WebFiles.csproj", "{9336CBE5-5695-409D-A1F8-01C8B2D9FA1E}"
EndProject
Project("{FAE04EC0-301F-11D3-BF4B-00C04F79EFBC}") = "MessageManager.Application.Tests", "MessageManager.Application.Tests\MessageManager.Application.Tests.csproj", "{AC09D3D8-61D6-495C-AB52-9B32220AA64D}"
EndProject
Project("{2150E333-8FDC-42A3-9474-1A3956D46DE8}") = "1-Design and Files", "1-Design and Files", "{57F6DC35-0E15-43AF-A350-CB08359B4A6A}"
EndProject
Project("{2150E333-8FDC-42A3-9474-1A3956D46DE8}") = "2-NLayer", "2-NLayer", "{5803BE1E-5C54-43D8-ABEA-7BF6E6468370}"
EndProject
Project("{FAE04EC0-301F-11D3-BF4B-00C04F79EFBC}") = "MessageManager.Domain.Tests", "MessageManager.Domain.Tests\MessageManager.Domain.Tests.csproj", "{A1F698E1-0E27-4CA9-8FA9-0E711BE0DDB9}"
EndProject
Project("{FAE04EC0-301F-11D3-BF4B-00C04F79EFBC}") = "MessageManager.Services", "MessageManager.Services\MessageManager.Services.csproj", "{D61C3728-4201-4AD1-936F-3F968E38E8D3}"
EndProject
Global
	GlobalSection(SolutionConfigurationPlatforms) = preSolution
		Debug|Any CPU = Debug|Any CPU
		Release|Any CPU = Release|Any CPU
	EndGlobalSection
	GlobalSection(ProjectConfigurationPlatforms) = postSolution
		{49C2AF9E-C6AA-4013-AC65-ADB303104661}.Debug|Any CPU.ActiveCfg = Debug|Any CPU
		{49C2AF9E-C6AA-4013-AC65-ADB303104661}.Debug|Any CPU.Build.0 = Debug|Any CPU
		{49C2AF9E-C6AA-4013-AC65-ADB303104661}.Release|Any CPU.ActiveCfg = Release|Any CPU
		{49C2AF9E-C6AA-4013-AC65-ADB303104661}.Release|Any CPU.Build.0 = Release|Any CPU
		{73ACBE24-5001-4E3C-A2AC-2E9D375449A6}.Debug|Any CPU.ActiveCfg = Debug|Any CPU
		{73ACBE24-5001-4E3C-A2AC-2E9D375449A6}.Debug|Any CPU.Build.0 = Debug|Any CPU
		{73ACBE24-5001-4E3C-A2AC-2E9D375449A6}.Release|Any CPU.ActiveCfg = Release|Any CPU
		{73ACBE24-5001-4E3C-A2AC-2E9D375449A6}.Release|Any CPU.Build.0 = Release|Any CPU
		{17B591AC-F032-4D6F-AECF-CD8B80360F69}.Debug|Any CPU.ActiveCfg = Debug|Any CPU
		{17B591AC-F032-4D6F-AECF-CD8B80360F69}.Debug|Any CPU.Build.0 = Debug|Any CPU
		{17B591AC-F032-4D6F-AECF-CD8B80360F69}.Release|Any CPU.ActiveCfg = Release|Any CPU
		{17B591AC-F032-4D6F-AECF-CD8B80360F69}.Release|Any CPU.Build.0 = Release|Any CPU
		{4F16815A-E9BB-4ABC-B477-0437A151F513}.Debug|Any CPU.ActiveCfg = Debug|Any CPU
		{4F16815A-E9BB-4ABC-B477-0437A151F513}.Debug|Any CPU.Build.0 = Debug|Any CPU
		{4F16815A-E9BB-4ABC-B477-0437A151F513}.Release|Any CPU.ActiveCfg = Release|Any CPU
		{4F16815A-E9BB-4ABC-B477-0437A151F513}.Release|Any CPU.Build.0 = Release|Any CPU
		{D45BF779-47E5-46B7-A481-DF0D93D78833}.Debug|Any CPU.ActiveCfg = Debug|Any CPU
		{D45BF779-47E5-46B7-A481-DF0D93D78833}.Debug|Any CPU.Build.0 = Debug|Any CPU
		{D45BF779-47E5-46B7-A481-DF0D93D78833}.Release|Any CPU.ActiveCfg = Release|Any CPU
		{D45BF779-47E5-46B7-A481-DF0D93D78833}.Release|Any CPU.Build.0 = Release|Any CPU
		{43B71851-61D1-4F51-BB9A-1F53405A4378}.Debug|Any CPU.ActiveCfg = Debug|Any CPU
		{43B71851-61D1-4F51-BB9A-1F53405A4378}.Debug|Any CPU.Build.0 = Debug|Any CPU
		{43B71851-61D1-4F51-BB9A-1F53405A4378}.Release|Any CPU.ActiveCfg = Release|Any CPU
		{43B71851-61D1-4F51-BB9A-1F53405A4378}.Release|Any CPU.Build.0 = Release|Any CPU
		{54A0BAC1-59A6-4F42-AF86-5DEFFDEC1AC2}.Debug|Any CPU.ActiveCfg = Debug|Any CPU
		{54A0BAC1-59A6-4F42-AF86-5DEFFDEC1AC2}.Debug|Any CPU.Build.0 = Debug|Any CPU
		{54A0BAC1-59A6-4F42-AF86-5DEFFDEC1AC2}.Release|Any CPU.ActiveCfg = Release|Any CPU
		{54A0BAC1-59A6-4F42-AF86-5DEFFDEC1AC2}.Release|Any CPU.Build.0 = Release|Any CPU
		{68F490AC-B41E-43E3-B400-6FA3481C1927}.Debug|Any CPU.ActiveCfg = Debug|Any CPU
		{68F490AC-B41E-43E3-B400-6FA3481C1927}.Debug|Any CPU.Build.0 = Debug|Any CPU
		{68F490AC-B41E-43E3-B400-6FA3481C1927}.Release|Any CPU.ActiveCfg = Release|Any CPU
		{68F490AC-B41E-43E3-B400-6FA3481C1927}.Release|Any CPU.Build.0 = Release|Any CPU
		{C697CC59-3215-4352-9872-84B7BDA8C1B1}.Debug|Any CPU.ActiveCfg = Debug|Any CPU
		{C697CC59-3215-4352-9872-84B7BDA8C1B1}.Debug|Any CPU.Build.0 = Debug|Any CPU
		{C697CC59-3215-4352-9872-84B7BDA8C1B1}.Release|Any CPU.ActiveCfg = Release|Any CPU
		{C697CC59-3215-4352-9872-84B7BDA8C1B1}.Release|Any CPU.Build.0 = Release|Any CPU
		{9336CBE5-5695-409D-A1F8-01C8B2D9FA1E}.Debug|Any CPU.ActiveCfg = Debug|Any CPU
		{9336CBE5-5695-409D-A1F8-01C8B2D9FA1E}.Debug|Any CPU.Build.0 = Debug|Any CPU
		{9336CBE5-5695-409D-A1F8-01C8B2D9FA1E}.Release|Any CPU.ActiveCfg = Release|Any CPU
		{9336CBE5-5695-409D-A1F8-01C8B2D9FA1E}.Release|Any CPU.Build.0 = Release|Any CPU
		{AC09D3D8-61D6-495C-AB52-9B32220AA64D}.Debug|Any CPU.ActiveCfg = Debug|Any CPU
		{AC09D3D8-61D6-495C-AB52-9B32220AA64D}.Debug|Any CPU.Build.0 = Debug|Any CPU
		{AC09D3D8-61D6-495C-AB52-9B32220AA64D}.Release|Any CPU.ActiveCfg = Release|Any CPU
		{AC09D3D8-61D6-495C-AB52-9B32220AA64D}.Release|Any CPU.Build.0 = Release|Any CPU
		{A1F698E1-0E27-4CA9-8FA9-0E711BE0DDB9}.Debug|Any CPU.ActiveCfg = Debug|Any CPU
		{A1F698E1-0E27-4CA9-8FA9-0E711BE0DDB9}.Debug|Any CPU.Build.0 = Debug|Any CPU
		{A1F698E1-0E27-4CA9-8FA9-0E711BE0DDB9}.Release|Any CPU.ActiveCfg = Release|Any CPU
		{A1F698E1-0E27-4CA9-8FA9-0E711BE0DDB9}.Release|Any CPU.Build.0 = Release|Any CPU
		{D61C3728-4201-4AD1-936F-3F968E38E8D3}.Debug|Any CPU.ActiveCfg = Debug|Any CPU
		{D61C3728-4201-4AD1-936F-3F968E38E8D3}.Debug|Any CPU.Build.0 = Debug|Any CPU
		{D61C3728-4201-4AD1-936F-3F968E38E8D3}.Release|Any CPU.ActiveCfg = Release|Any CPU
		{D61C3728-4201-4AD1-936F-3F968E38E8D3}.Release|Any CPU.Build.0 = Release|Any CPU
	EndGlobalSection
	GlobalSection(SolutionProperties) = preSolution
		HideSolutionNode = FALSE
	EndGlobalSection
	GlobalSection(NestedProjects) = preSolution
		{360D6A48-9A08-462C-8275-C07D032CE958} = {5803BE1E-5C54-43D8-ABEA-7BF6E6468370}
		{8982C72E-36BE-4A57-86C5-9DF91CFFFCD9} = {5803BE1E-5C54-43D8-ABEA-7BF6E6468370}
		{79AF2391-1E6A-42B8-B19C-54ADC4DD6D35} = {5803BE1E-5C54-43D8-ABEA-7BF6E6468370}
		{A1261C73-9443-4A6B-91D7-629DFC20F9B2} = {5803BE1E-5C54-43D8-ABEA-7BF6E6468370}
		{D45BF779-47E5-46B7-A481-DF0D93D78833} = {360D6A48-9A08-462C-8275-C07D032CE958}
		{AC09D3D8-61D6-495C-AB52-9B32220AA64D} = {360D6A48-9A08-462C-8275-C07D032CE958}
		{D61C3728-4201-4AD1-936F-3F968E38E8D3} = {360D6A48-9A08-462C-8275-C07D032CE958}
		{4F16815A-E9BB-4ABC-B477-0437A151F513} = {8982C72E-36BE-4A57-86C5-9DF91CFFFCD9}
		{A1F698E1-0E27-4CA9-8FA9-0E711BE0DDB9} = {8982C72E-36BE-4A57-86C5-9DF91CFFFCD9}
		{49C2AF9E-C6AA-4013-AC65-ADB303104661} = {79AF2391-1E6A-42B8-B19C-54ADC4DD6D35}
		{43B71851-61D1-4F51-BB9A-1F53405A4378} = {79AF2391-1E6A-42B8-B19C-54ADC4DD6D35}
		{54A0BAC1-59A6-4F42-AF86-5DEFFDEC1AC2} = {79AF2391-1E6A-42B8-B19C-54ADC4DD6D35}
		{E4EE3B76-EF57-423C-A2CD-59FB4FDF06A5} = {A1261C73-9443-4A6B-91D7-629DFC20F9B2}
		{C84614B2-B386-4D19-92DE-87B4748B3BE5} = {A1261C73-9443-4A6B-91D7-629DFC20F9B2}
		{B1FB252F-BFB0-4BE3-85A7-8EB22140416F} = {A1261C73-9443-4A6B-91D7-629DFC20F9B2}
		{17B591AC-F032-4D6F-AECF-CD8B80360F69} = {E4EE3B76-EF57-423C-A2CD-59FB4FDF06A5}
		{68F490AC-B41E-43E3-B400-6FA3481C1927} = {E4EE3B76-EF57-423C-A2CD-59FB4FDF06A5}
		{C697CC59-3215-4352-9872-84B7BDA8C1B1} = {C84614B2-B386-4D19-92DE-87B4748B3BE5}
		{73ACBE24-5001-4E3C-A2AC-2E9D375449A6} = {C84614B2-B386-4D19-92DE-87B4748B3BE5}
		{9336CBE5-5695-409D-A1F8-01C8B2D9FA1E} = {B1FB252F-BFB0-4BE3-85A7-8EB22140416F}
	EndGlobalSection
	GlobalSection(ExtensibilityGlobals) = postSolution
		EnterpriseLibraryConfigurationToolBinariesPath = packages\Unity.2.1.505.2\lib\NET35;packages\Unity.2.1.505.0\lib\NET35
	EndGlobalSection
EndGlobal
